
Microsoft Visual Studio Solution File, Format Version 12.00
# Visual Studio Version 16
VisualStudioVersion = 16.0.28803.202
MinimumVisualStudioVersion = 10.0.40219.1
Project("{FAE04EC0-301F-11D3-BF4B-00C04F79EFBC}") = "RepetBase_App", "RepetBase_App.csproj", "{485E8427-15BB-4CD9-A431-D48155A369B2}"
EndProject
Global
	GlobalSection(SolutionConfigurationPlatforms) = preSolution
		Debug|Any CPU = Debug|Any CPU
		Release|Any CPU = Release|Any CPU
	EndGlobalSection
	GlobalSection(ProjectConfigurationPlatforms) = postSolution
		{485E8427-15BB-4CD9-A431-D48155A369B2}.Debug|Any CPU.ActiveCfg = Debug|Any CPU
		{485E8427-15BB-4CD9-A431-D48155A369B2}.Debug|Any CPU.Build.0 = Debug|Any CPU
		{485E8427-15BB-4CD9-A431-D48155A369B2}.Release|Any CPU.ActiveCfg = Release|Any CPU
		{485E8427-15BB-4CD9-A431-D48155A369B2}.Release|Any CPU.Build.0 = Release|Any CPU
	EndGlobalSection
	GlobalSection(SolutionProperties) = preSolution
		HideSolutionNode = FALSE
	EndGlobalSection
	GlobalSection(ExtensibilityGlobals) = postSolution
		SolutionGuid = {2C3686C8-D632-4F0B-9105-A19E715244A6}
	EndGlobalSection
EndGlobal
